
Microsoft Visual Studio Solution File, Format Version 12.00
# Visual Studio 15
VisualStudioVersion = 15.0.28307.705
MinimumVisualStudioVersion = 10.0.40219.1
Project("{8BC9CEB8-8B4A-11D0-8D11-00A0C91BC942}") = "emdr-vMicro", "emdr-vMicro\emdr-vMicro.vcxproj", "{C5F80730-F44F-4478-BDAE-6634EFC2CA88}"
EndProject
Project("{FAE04EC0-301F-11D3-BF4B-00C04F79EFBC}") = "emdr-emulator", "emdr-emulator\emdr-emulator.csproj", "{B758F93F-CB65-4FB8-85FD-5FDF7F26CD0B}"
EndProject
Global
	GlobalSection(SolutionConfigurationPlatforms) = preSolution
		Debug|Any CPU = Debug|Any CPU
		Debug|x86 = Debug|x86
		Release|Any CPU = Release|Any CPU
		Release|x86 = Release|x86
	EndGlobalSection
	GlobalSection(ProjectConfigurationPlatforms) = postSolution
		{C5F80730-F44F-4478-BDAE-6634EFC2CA88}.Debug|Any CPU.ActiveCfg = Debug|Win32
		{C5F80730-F44F-4478-BDAE-6634EFC2CA88}.Debug|x86.ActiveCfg = Debug|Win32
		{C5F80730-F44F-4478-BDAE-6634EFC2CA88}.Debug|x86.Build.0 = Debug|Win32
		{C5F80730-F44F-4478-BDAE-6634EFC2CA88}.Release|Any CPU.ActiveCfg = Release|Win32
		{C5F80730-F44F-4478-BDAE-6634EFC2CA88}.Release|x86.ActiveCfg = Release|Win32
		{C5F80730-F44F-4478-BDAE-6634EFC2CA88}.Release|x86.Build.0 = Release|Win32
		{B758F93F-CB65-4FB8-85FD-5FDF7F26CD0B}.Debug|Any CPU.ActiveCfg = Debug|Any CPU
		{B758F93F-CB65-4FB8-85FD-5FDF7F26CD0B}.Debug|Any CPU.Build.0 = Debug|Any CPU
		{B758F93F-CB65-4FB8-85FD-5FDF7F26CD0B}.Debug|x86.ActiveCfg = Debug|Any CPU
		{B758F93F-CB65-4FB8-85FD-5FDF7F26CD0B}.Debug|x86.Build.0 = Debug|Any CPU
		{B758F93F-CB65-4FB8-85FD-5FDF7F26CD0B}.Release|Any CPU.ActiveCfg = Release|Any CPU
		{B758F93F-CB65-4FB8-85FD-5FDF7F26CD0B}.Release|Any CPU.Build.0 = Release|Any CPU
		{B758F93F-CB65-4FB8-85FD-5FDF7F26CD0B}.Release|x86.ActiveCfg = Release|Any CPU
		{B758F93F-CB65-4FB8-85FD-5FDF7F26CD0B}.Release|x86.Build.0 = Release|Any CPU
	EndGlobalSection
	GlobalSection(SolutionProperties) = preSolution
		HideSolutionNode = FALSE
	EndGlobalSection
	GlobalSection(ExtensibilityGlobals) = postSolution
		SolutionGuid = {89F29586-CC1A-4E15-AFA9-80752F549DEB}
	EndGlobalSection
EndGlobal
