<?xml version="1.0" encoding="utf-8"?>
<Project ToolsVersion="4.0" xmlns="http://schemas.microsoft.com/developer/msbuild/2003">
  <ItemGroup>
    <Filter Include="Source Files">
      <UniqueIdentifier>{4FC737F1-C7A5-4376-A066-2A32D752A2FF}</UniqueIdentifier>
      <Extensions>cpp;c;cc;cxx;def;odl;idl;hpj;bat;asm;asmx</Extensions>
    </Filter>
    <Filter Include="Header Files">
      <UniqueIdentifier>{93995380-89BD-4b04-88EB-625FBE52EBFB}</UniqueIdentifier>
      <Extensions>h;hh;hpp;hxx;hm;inl;inc;ipp;xsd</Extensions>
    </Filter>
    <Filter Include="Resource Files">
      <UniqueIdentifier>{67DA6AB6-F800-4c08-8B7A-83BB121AAD01}</UniqueIdentifier>
      <Extensions>rc;ico;cur;bmp;dlg;rc2;rct;bin;rgs;gif;jpg;jpeg;jpe;resx;tiff;tif;png;wav;mfcribbon-ms</Extensions>
    </Filter>
    <Filter Include="FastLED">
      <UniqueIdentifier>{19323050-c177-4e61-abf4-cc717f55bda3}</UniqueIdentifier>
    </Filter>
    <Filter Include="Arduino">
      <UniqueIdentifier>{ec72302a-0c3f-4119-b2cc-47341c6cf8d4}</UniqueIdentifier>
    </Filter>
    <Filter Include="Emdr">
      <UniqueIdentifier>{f383b8cd-f3a2-4a6d-bdd1-ba509068932f}</UniqueIdentifier>
    </Filter>
    <Filter Include="IRremote">
      <UniqueIdentifier>{6e385dfe-b268-4105-991a-1e2368d3cb0a}</UniqueIdentifier>
    </Filter>
    <Filter Include="MemoryFree">
      <UniqueIdentifier>{07f00db4-8690-4257-8513-3718126fa831}</UniqueIdentifier>
    </Filter>
    <Filter Include="ClassDiagrams">
      <UniqueIdentifier>{f63a8c7e-122a-44b5-a99b-4baff7879c09}</UniqueIdentifier>
    </Filter>
    <Filter Include="EmdrController">
      <UniqueIdentifier>{3b220436-fc62-493a-9ae1-dd70949fe6da}</UniqueIdentifier>
    </Filter>
  </ItemGroup>
  <ItemGroup>
    <ClInclude Include="stdafx.h">
      <Filter>Header Files</Filter>
    </ClInclude>
    <ClInclude Include="Resource.h">
      <Filter>Header Files</Filter>
    </ClInclude>
    <ClInclude Include="color.h">
      <Filter>FastLED</Filter>
    </ClInclude>
    <ClInclude Include="controller.h">
      <Filter>FastLED</Filter>
    </ClInclude>
    <ClInclude Include="FastLED.h">
      <Filter>FastLED</Filter>
    </ClInclude>
    <ClInclude Include="pixeltypes.h">
      <Filter>FastLED</Filter>
    </ClInclude>
    <ClInclude Include="Arduino.h">
      <Filter>Arduino</Filter>
    </ClInclude>
    <ClInclude Include="ArduinoSTL.h">
      <Filter>Arduino</Filter>
    </ClInclude>
    <ClInclude Include="..\Emdr.h">
      <Filter>Emdr</Filter>
    </ClInclude>
    <ClInclude Include="..\EventHandler.h">
      <Filter>Emdr</Filter>
    </ClInclude>
    <ClInclude Include="HardwareSerial.h">
      <Filter>Arduino</Filter>
    </ClInclude>
    <ClInclude Include="..\Strip.h">
      <Filter>Emdr</Filter>
    </ClInclude>
    <ClInclude Include="..\Timer.h">
      <Filter>Emdr</Filter>
    </ClInclude>
    <ClInclude Include="WrapperController.h">
      <Filter>FastLED</Filter>
    </ClInclude>
    <ClInclude Include="EmdrWrapper.h" />
    <ClInclude Include="..\MovingPointStripPlugin.h">
      <Filter>Emdr</Filter>
    </ClInclude>
    <ClInclude Include="..\StripPlugin.h">
      <Filter>Emdr</Filter>
    </ClInclude>
    <ClInclude Include="..\Plugin.h">
      <Filter>Emdr</Filter>
    </ClInclude>
    <ClInclude Include="IRremote.h">
      <Filter>IRremote</Filter>
    </ClInclude>
    <ClInclude Include="MemoryFree.h">
      <Filter>MemoryFree</Filter>
    </ClInclude>
    <ClInclude Include="..\DiagnosticStripPlugin.h">
      <Filter>Emdr</Filter>
    </ClInclude>
    <ClInclude Include="..\RemoteControllerStripPlugin.h">
      <Filter>Emdr</Filter>
    </ClInclude>
    <ClInclude Include="..\Event.h">
      <Filter>Emdr</Filter>
    </ClInclude>
    <ClInclude Include="..\Device.h">
      <Filter>Emdr</Filter>
    </ClInclude>
    <ClInclude Include="..\EmdrController\RemoteController.h">
      <Filter>EmdrController</Filter>
    </ClInclude>
    <ClInclude Include="..\Debug.h">
      <Filter>Emdr</Filter>
    </ClInclude>
  </ItemGroup>
  <ItemGroup>
    <ClCompile Include="stdafx.cpp">
      <Filter>Source Files</Filter>
    </ClCompile>
    <ClCompile Include="Arduino.cpp">
      <Filter>Arduino</Filter>
    </ClCompile>
    <ClCompile Include="FastLED.cpp">
      <Filter>FastLED</Filter>
    </ClCompile>
    <ClCompile Include="..\Emdr.cpp">
      <Filter>Emdr</Filter>
    </ClCompile>
    <ClCompile Include="HardwareSerial.cpp">
      <Filter>Arduino</Filter>
    </ClCompile>
    <ClCompile Include="pixeltypes.cpp">
      <Filter>FastLED</Filter>
    </ClCompile>
    <ClCompile Include="AssemblyInfo.cpp">
      <Filter>Source Files</Filter>
    </ClCompile>
    <ClCompile Include="MemoryFree.cpp">
      <Filter>MemoryFree</Filter>
    </ClCompile>
    <ClCompile Include="..\Event.cpp">
      <Filter>Emdr</Filter>
    </ClCompile>
    <ClCompile Include="..\MovingPointStripPlugin.cpp">
      <Filter>Emdr</Filter>
    </ClCompile>
  </ItemGroup>
  <ItemGroup>
    <ResourceCompile Include="app.rc">
      <Filter>Resource Files</Filter>
    </ResourceCompile>
  </ItemGroup>
  <ItemGroup>
    <Image Include="app.ico">
      <Filter>Resource Files</Filter>
    </Image>
  </ItemGroup>
  <ItemGroup>
    <None Include="Timer.cd">
      <Filter>ClassDiagrams</Filter>
    </None>
  </ItemGroup>
</Project>